
Microsoft Visual Studio Solution File, Format Version 12.00
# Visual Studio Version 17
VisualStudioVersion = 17.4.33205.214
MinimumVisualStudioVersion = 10.0.40219.1
Project("{FAE04EC0-301F-11D3-BF4B-00C04F79EFBC}") = "LinkControlHW", "LinkControlHW\LinkControlHW.csproj", "{42FB326C-88EA-49D6-AF1C-DB24C55EE47B}"
EndProject
Project("{FAE04EC0-301F-11D3-BF4B-00C04F79EFBC}") = "LinkControlHW.Contracts", "LinkControlHW.Contracts\LinkControlHW.Contracts.csproj", "{31F6A73A-2940-4B44-9F22-79C0A4132272}"
EndProject
Project("{FAE04EC0-301F-11D3-BF4B-00C04F79EFBC}") = "LinkControlHW.Domain", "LinkControlHW.Domain\LinkControlHW.Domain.csproj", "{7B0452C7-5EC4-4BBC-8C06-96D1959123D8}"
EndProject
Global
	GlobalSection(SolutionConfigurationPlatforms) = preSolution
		Debug|Any CPU = Debug|Any CPU
		Release|Any CPU = Release|Any CPU
	EndGlobalSection
	GlobalSection(ProjectConfigurationPlatforms) = postSolution
		{42FB326C-88EA-49D6-AF1C-DB24C55EE47B}.Debug|Any CPU.ActiveCfg = Debug|Any CPU
		{42FB326C-88EA-49D6-AF1C-DB24C55EE47B}.Debug|Any CPU.Build.0 = Debug|Any CPU
		{42FB326C-88EA-49D6-AF1C-DB24C55EE47B}.Release|Any CPU.ActiveCfg = Release|Any CPU
		{42FB326C-88EA-49D6-AF1C-DB24C55EE47B}.Release|Any CPU.Build.0 = Release|Any CPU
		{31F6A73A-2940-4B44-9F22-79C0A4132272}.Debug|Any CPU.ActiveCfg = Debug|Any CPU
		{31F6A73A-2940-4B44-9F22-79C0A4132272}.Debug|Any CPU.Build.0 = Debug|Any CPU
		{31F6A73A-2940-4B44-9F22-79C0A4132272}.Release|Any CPU.ActiveCfg = Release|Any CPU
		{31F6A73A-2940-4B44-9F22-79C0A4132272}.Release|Any CPU.Build.0 = Release|Any CPU
		{7B0452C7-5EC4-4BBC-8C06-96D1959123D8}.Debug|Any CPU.ActiveCfg = Debug|Any CPU
		{7B0452C7-5EC4-4BBC-8C06-96D1959123D8}.Debug|Any CPU.Build.0 = Debug|Any CPU
		{7B0452C7-5EC4-4BBC-8C06-96D1959123D8}.Release|Any CPU.ActiveCfg = Release|Any CPU
		{7B0452C7-5EC4-4BBC-8C06-96D1959123D8}.Release|Any CPU.Build.0 = Release|Any CPU
	EndGlobalSection
	GlobalSection(SolutionProperties) = preSolution
		HideSolutionNode = FALSE
	EndGlobalSection
	GlobalSection(ExtensibilityGlobals) = postSolution
		SolutionGuid = {93F8E75A-7C25-45C8-9C5D-2B69F67AE556}
	EndGlobalSection
EndGlobal
