
Microsoft Visual Studio Solution File, Format Version 12.00
# Visual Studio Version 17
VisualStudioVersion = 17.4.33205.214
MinimumVisualStudioVersion = 10.0.40219.1
Project("{FAE04EC0-301F-11D3-BF4B-00C04F79EFBC}") = "ConsoleAppHW1", "ConsoleAppHW1\ConsoleAppHW1.csproj", "{86730EFF-4B75-493B-809A-E0317F207DB7}"
EndProject
Global
	GlobalSection(SolutionConfigurationPlatforms) = preSolution
		Debug|Any CPU = Debug|Any CPU
		Release|Any CPU = Release|Any CPU
	EndGlobalSection
	GlobalSection(ProjectConfigurationPlatforms) = postSolution
		{86730EFF-4B75-493B-809A-E0317F207DB7}.Debug|Any CPU.ActiveCfg = Debug|Any CPU
		{86730EFF-4B75-493B-809A-E0317F207DB7}.Debug|Any CPU.Build.0 = Debug|Any CPU
		{86730EFF-4B75-493B-809A-E0317F207DB7}.Release|Any CPU.ActiveCfg = Release|Any CPU
		{86730EFF-4B75-493B-809A-E0317F207DB7}.Release|Any CPU.Build.0 = Release|Any CPU
	EndGlobalSection
	GlobalSection(SolutionProperties) = preSolution
		HideSolutionNode = FALSE
	EndGlobalSection
	GlobalSection(ExtensibilityGlobals) = postSolution
		SolutionGuid = {519030FD-AA88-46F7-A4F6-576EFE10C235}
	EndGlobalSection
EndGlobal
