
Microsoft Visual Studio Solution File, Format Version 12.00
# Visual Studio Version 17
VisualStudioVersion = 17.4.33205.214
MinimumVisualStudioVersion = 10.0.40219.1
Project("{FAE04EC0-301F-11D3-BF4B-00C04F79EFBC}") = "MethodsHW", "MethodsHW\MethodsHW.csproj", "{81DCE883-DE40-4B3B-BF17-DEF6CEF8C4CC}"
EndProject
Global
	GlobalSection(SolutionConfigurationPlatforms) = preSolution
		Debug|Any CPU = Debug|Any CPU
		Release|Any CPU = Release|Any CPU
	EndGlobalSection
	GlobalSection(ProjectConfigurationPlatforms) = postSolution
		{81DCE883-DE40-4B3B-BF17-DEF6CEF8C4CC}.Debug|Any CPU.ActiveCfg = Debug|Any CPU
		{81DCE883-DE40-4B3B-BF17-DEF6CEF8C4CC}.Debug|Any CPU.Build.0 = Debug|Any CPU
		{81DCE883-DE40-4B3B-BF17-DEF6CEF8C4CC}.Release|Any CPU.ActiveCfg = Release|Any CPU
		{81DCE883-DE40-4B3B-BF17-DEF6CEF8C4CC}.Release|Any CPU.Build.0 = Release|Any CPU
	EndGlobalSection
	GlobalSection(SolutionProperties) = preSolution
		HideSolutionNode = FALSE
	EndGlobalSection
	GlobalSection(ExtensibilityGlobals) = postSolution
		SolutionGuid = {A5995860-27D4-4D8C-8531-8F481B6474FB}
	EndGlobalSection
EndGlobal
