
Microsoft Visual Studio Solution File, Format Version 12.00
# Visual Studio Version 17
VisualStudioVersion = 17.4.33205.214
MinimumVisualStudioVersion = 10.0.40219.1
Project("{FAE04EC0-301F-11D3-BF4B-00C04F79EFBC}") = "CalendarMVCSIte", "CalendarMVCSIte\CalendarMVCSIte.csproj", "{E174179D-789C-4529-AE67-4DFE029C8253}"
EndProject
Project("{FAE04EC0-301F-11D3-BF4B-00C04F79EFBC}") = "Models", "Models\Models.csproj", "{6EC244DE-6CD2-4AA3-A46C-FF31CB477F2F}"
EndProject
Project("{FAE04EC0-301F-11D3-BF4B-00C04F79EFBC}") = "BusinessLogic", "BusinessLogic\BusinessLogic.csproj", "{8C63D32F-99BF-415D-BD38-4CB421352B12}"
EndProject
Project("{FAE04EC0-301F-11D3-BF4B-00C04F79EFBC}") = "DatabaseLayer", "DatabaseLayer\DatabaseLayer.csproj", "{A8CE9CDB-8EA2-42FA-BA81-1E06C63AF5D7}"
EndProject
Global
	GlobalSection(SolutionConfigurationPlatforms) = preSolution
		Debug|Any CPU = Debug|Any CPU
		Release|Any CPU = Release|Any CPU
	EndGlobalSection
	GlobalSection(ProjectConfigurationPlatforms) = postSolution
		{E174179D-789C-4529-AE67-4DFE029C8253}.Debug|Any CPU.ActiveCfg = Debug|Any CPU
		{E174179D-789C-4529-AE67-4DFE029C8253}.Debug|Any CPU.Build.0 = Debug|Any CPU
		{E174179D-789C-4529-AE67-4DFE029C8253}.Release|Any CPU.ActiveCfg = Release|Any CPU
		{E174179D-789C-4529-AE67-4DFE029C8253}.Release|Any CPU.Build.0 = Release|Any CPU
		{6EC244DE-6CD2-4AA3-A46C-FF31CB477F2F}.Debug|Any CPU.ActiveCfg = Debug|Any CPU
		{6EC244DE-6CD2-4AA3-A46C-FF31CB477F2F}.Debug|Any CPU.Build.0 = Debug|Any CPU
		{6EC244DE-6CD2-4AA3-A46C-FF31CB477F2F}.Release|Any CPU.ActiveCfg = Release|Any CPU
		{6EC244DE-6CD2-4AA3-A46C-FF31CB477F2F}.Release|Any CPU.Build.0 = Release|Any CPU
		{8C63D32F-99BF-415D-BD38-4CB421352B12}.Debug|Any CPU.ActiveCfg = Debug|Any CPU
		{8C63D32F-99BF-415D-BD38-4CB421352B12}.Debug|Any CPU.Build.0 = Debug|Any CPU
		{8C63D32F-99BF-415D-BD38-4CB421352B12}.Release|Any CPU.ActiveCfg = Release|Any CPU
		{8C63D32F-99BF-415D-BD38-4CB421352B12}.Release|Any CPU.Build.0 = Release|Any CPU
		{A8CE9CDB-8EA2-42FA-BA81-1E06C63AF5D7}.Debug|Any CPU.ActiveCfg = Debug|Any CPU
		{A8CE9CDB-8EA2-42FA-BA81-1E06C63AF5D7}.Debug|Any CPU.Build.0 = Debug|Any CPU
		{A8CE9CDB-8EA2-42FA-BA81-1E06C63AF5D7}.Release|Any CPU.ActiveCfg = Release|Any CPU
		{A8CE9CDB-8EA2-42FA-BA81-1E06C63AF5D7}.Release|Any CPU.Build.0 = Release|Any CPU
	EndGlobalSection
	GlobalSection(SolutionProperties) = preSolution
		HideSolutionNode = FALSE
	EndGlobalSection
	GlobalSection(ExtensibilityGlobals) = postSolution
		SolutionGuid = {B70B7EE9-18B5-43DC-B2E8-F4F3D1EA1BD7}
	EndGlobalSection
EndGlobal
